
Microsoft Visual Studio Solution File, Format Version 12.00
# Visual Studio Version 17
VisualStudioVersion = 17.0.31903.59
MinimumVisualStudioVersion = 10.0.40219.1
Project("{FAE04EC0-301F-11D3-BF4B-00C04F79EFBC}") = "ReactCheesecakeOrdering.Web", "ReactCheesecakeOrdering.Web\ReactCheesecakeOrdering.Web.csproj", "{9DAA478D-BD5E-4FBE-8646-6EC08B692084}"
EndProject
Project("{FAE04EC0-301F-11D3-BF4B-00C04F79EFBC}") = "ReactCheesecakeOrdering.Data", "ReactCheesecakeOrdering.Data\ReactCheesecakeOrdering.Data.csproj", "{43751297-C8B3-4F58-92A9-E55E7956E202}"
EndProject
Global
	GlobalSection(SolutionConfigurationPlatforms) = preSolution
		Debug|Any CPU = Debug|Any CPU
		Debug|x64 = Debug|x64
		Debug|x86 = Debug|x86
		Release|Any CPU = Release|Any CPU
		Release|x64 = Release|x64
		Release|x86 = Release|x86
	EndGlobalSection
	GlobalSection(ProjectConfigurationPlatforms) = postSolution
		{9DAA478D-BD5E-4FBE-8646-6EC08B692084}.Debug|Any CPU.ActiveCfg = Debug|Any CPU
		{9DAA478D-BD5E-4FBE-8646-6EC08B692084}.Debug|Any CPU.Build.0 = Debug|Any CPU
		{9DAA478D-BD5E-4FBE-8646-6EC08B692084}.Debug|x64.ActiveCfg = Debug|Any CPU
		{9DAA478D-BD5E-4FBE-8646-6EC08B692084}.Debug|x64.Build.0 = Debug|Any CPU
		{9DAA478D-BD5E-4FBE-8646-6EC08B692084}.Debug|x86.ActiveCfg = Debug|Any CPU
		{9DAA478D-BD5E-4FBE-8646-6EC08B692084}.Debug|x86.Build.0 = Debug|Any CPU
		{9DAA478D-BD5E-4FBE-8646-6EC08B692084}.Release|Any CPU.ActiveCfg = Release|Any CPU
		{9DAA478D-BD5E-4FBE-8646-6EC08B692084}.Release|Any CPU.Build.0 = Release|Any CPU
		{9DAA478D-BD5E-4FBE-8646-6EC08B692084}.Release|x64.ActiveCfg = Release|Any CPU
		{9DAA478D-BD5E-4FBE-8646-6EC08B692084}.Release|x64.Build.0 = Release|Any CPU
		{9DAA478D-BD5E-4FBE-8646-6EC08B692084}.Release|x86.ActiveCfg = Release|Any CPU
		{9DAA478D-BD5E-4FBE-8646-6EC08B692084}.Release|x86.Build.0 = Release|Any CPU
		{43751297-C8B3-4F58-92A9-E55E7956E202}.Debug|Any CPU.ActiveCfg = Debug|Any CPU
		{43751297-C8B3-4F58-92A9-E55E7956E202}.Debug|Any CPU.Build.0 = Debug|Any CPU
		{43751297-C8B3-4F58-92A9-E55E7956E202}.Debug|x64.ActiveCfg = Debug|Any CPU
		{43751297-C8B3-4F58-92A9-E55E7956E202}.Debug|x64.Build.0 = Debug|Any CPU
		{43751297-C8B3-4F58-92A9-E55E7956E202}.Debug|x86.ActiveCfg = Debug|Any CPU
		{43751297-C8B3-4F58-92A9-E55E7956E202}.Debug|x86.Build.0 = Debug|Any CPU
		{43751297-C8B3-4F58-92A9-E55E7956E202}.Release|Any CPU.ActiveCfg = Release|Any CPU
		{43751297-C8B3-4F58-92A9-E55E7956E202}.Release|Any CPU.Build.0 = Release|Any CPU
		{43751297-C8B3-4F58-92A9-E55E7956E202}.Release|x64.ActiveCfg = Release|Any CPU
		{43751297-C8B3-4F58-92A9-E55E7956E202}.Release|x64.Build.0 = Release|Any CPU
		{43751297-C8B3-4F58-92A9-E55E7956E202}.Release|x86.ActiveCfg = Release|Any CPU
		{43751297-C8B3-4F58-92A9-E55E7956E202}.Release|x86.Build.0 = Release|Any CPU
	EndGlobalSection
	GlobalSection(SolutionProperties) = preSolution
		HideSolutionNode = FALSE
	EndGlobalSection
EndGlobal
